<?xml version="1.0" encoding="utf-8"?>
<Project ToolsVersion="18.0" xmlns="http://schemas.microsoft.com/developer/msbuild/2003">
  <ItemGroup>
    <ClCompile Include="C:\Users\odinl\OneDrive\Desktop\Cypha\native\tools\create_model_smoke.cpp">
      <Filter>Source Files</Filter>
    </ClCompile>
  </ItemGroup>
  <ItemGroup>
    <CustomBuild Include="C:\Users\odinl\OneDrive\Desktop\Cypha\native\CMakeLists.txt" />
  </ItemGroup>
  <ItemGroup>
    <Filter Include="Source Files">
      <UniqueIdentifier>{409F3833-00D6-3D47-AD73-8CCA5AECB279}</UniqueIdentifier>
    </Filter>
  </ItemGroup>
</Project>
